
Microsoft Visual Studio Solution File, Format Version 12.00
# Visual Studio Version 17
VisualStudioVersion = 17.2.32526.322
MinimumVisualStudioVersion = 10.0.40219.1
Project("{FAE04EC0-301F-11D3-BF4B-00C04F79EFBC}") = "CustomReport", "CustomReport\CustomReport.csproj", "{91828181-14ED-4F0F-9CFC-D815C43F02CD}"
EndProject
Global
	GlobalSection(SolutionConfigurationPlatforms) = preSolution
		Debug|Any CPU = Debug|Any CPU
		Release|Any CPU = Release|Any CPU
	EndGlobalSection
	GlobalSection(ProjectConfigurationPlatforms) = postSolution
		{91828181-14ED-4F0F-9CFC-D815C43F02CD}.Debug|Any CPU.ActiveCfg = Debug|Any CPU
		{91828181-14ED-4F0F-9CFC-D815C43F02CD}.Debug|Any CPU.Build.0 = Debug|Any CPU
		{91828181-14ED-4F0F-9CFC-D815C43F02CD}.Release|Any CPU.ActiveCfg = Release|Any CPU
		{91828181-14ED-4F0F-9CFC-D815C43F02CD}.Release|Any CPU.Build.0 = Release|Any CPU
	EndGlobalSection
	GlobalSection(SolutionProperties) = preSolution
		HideSolutionNode = FALSE
	EndGlobalSection
	GlobalSection(ExtensibilityGlobals) = postSolution
		SolutionGuid = {DFC2CE02-DF79-407F-BBC2-DDB26039D31B}
	EndGlobalSection
EndGlobal
