
Microsoft Visual Studio Solution File, Format Version 12.00
# Visual Studio Version 17
VisualStudioVersion = 17.2.32526.322
MinimumVisualStudioVersion = 10.0.40219.1
Project("{9A19103F-16F7-4668-BE54-9A1E7A4F7556}") = "CustomReport", "CustomReport\CustomReport.csproj", "{91828181-14ED-4F0F-9CFC-D815C43F02CD}"
EndProject
Project("{9A19103F-16F7-4668-BE54-9A1E7A4F7556}") = "CallReportUI", "..\CallReportUI\CallReportUI\CallReportUI.csproj", "{0FC22729-99FC-4C71-BAB9-437E325662F7}"
EndProject
Project("{FAE04EC0-301F-11D3-BF4B-00C04F79EFBC}") = "ConsoleApp1", "ConsoleApp1\ConsoleApp1.csproj", "{15E4D212-649F-441B-AA9C-751EBCE5421C}"
EndProject
Project("{FAE04EC0-301F-11D3-BF4B-00C04F79EFBC}") = "CustomReportTests", "CustomReportTests\CustomReportTests.csproj", "{D12FB4D8-9700-4361-9ECE-D1BC19B1043C}"
EndProject
Global
	GlobalSection(SolutionConfigurationPlatforms) = preSolution
		Debug|Any CPU = Debug|Any CPU
		Release|Any CPU = Release|Any CPU
	EndGlobalSection
	GlobalSection(ProjectConfigurationPlatforms) = postSolution
		{91828181-14ED-4F0F-9CFC-D815C43F02CD}.Debug|Any CPU.ActiveCfg = Debug|Any CPU
		{91828181-14ED-4F0F-9CFC-D815C43F02CD}.Debug|Any CPU.Build.0 = Debug|Any CPU
		{91828181-14ED-4F0F-9CFC-D815C43F02CD}.Release|Any CPU.ActiveCfg = Release|Any CPU
		{91828181-14ED-4F0F-9CFC-D815C43F02CD}.Release|Any CPU.Build.0 = Release|Any CPU
		{0FC22729-99FC-4C71-BAB9-437E325662F7}.Debug|Any CPU.ActiveCfg = Debug|Any CPU
		{0FC22729-99FC-4C71-BAB9-437E325662F7}.Debug|Any CPU.Build.0 = Debug|Any CPU
		{0FC22729-99FC-4C71-BAB9-437E325662F7}.Release|Any CPU.ActiveCfg = Release|Any CPU
		{0FC22729-99FC-4C71-BAB9-437E325662F7}.Release|Any CPU.Build.0 = Release|Any CPU
		{15E4D212-649F-441B-AA9C-751EBCE5421C}.Debug|Any CPU.ActiveCfg = Debug|Any CPU
		{15E4D212-649F-441B-AA9C-751EBCE5421C}.Debug|Any CPU.Build.0 = Debug|Any CPU
		{15E4D212-649F-441B-AA9C-751EBCE5421C}.Release|Any CPU.ActiveCfg = Release|Any CPU
		{15E4D212-649F-441B-AA9C-751EBCE5421C}.Release|Any CPU.Build.0 = Release|Any CPU
		{D12FB4D8-9700-4361-9ECE-D1BC19B1043C}.Debug|Any CPU.ActiveCfg = Debug|Any CPU
		{D12FB4D8-9700-4361-9ECE-D1BC19B1043C}.Debug|Any CPU.Build.0 = Debug|Any CPU
		{D12FB4D8-9700-4361-9ECE-D1BC19B1043C}.Release|Any CPU.ActiveCfg = Release|Any CPU
		{D12FB4D8-9700-4361-9ECE-D1BC19B1043C}.Release|Any CPU.Build.0 = Release|Any CPU
	EndGlobalSection
	GlobalSection(SolutionProperties) = preSolution
		HideSolutionNode = FALSE
	EndGlobalSection
	GlobalSection(ExtensibilityGlobals) = postSolution
		SolutionGuid = {DFC2CE02-DF79-407F-BBC2-DDB26039D31B}
	EndGlobalSection
EndGlobal
